
Microsoft Visual Studio Solution File, Format Version 12.00
# Visual Studio Version 16
VisualStudioVersion = 16.0.31313.79
MinimumVisualStudioVersion = 10.0.40219.1
Project("{FAE04EC0-301F-11D3-BF4B-00C04F79EFBC}") = "Methods", "Methods\Methods.csproj", "{C82569DB-52AE-4EBD-ADA9-3AF6C637E79A}"
EndProject
Project("{9A19103F-16F7-4668-BE54-9A1E7A4F7556}") = "Matematik", "Matematik\Matematik.csproj", "{1D1847A2-3F21-4512-BD4D-80B50940109E}"
EndProject
Project("{9A19103F-16F7-4668-BE54-9A1E7A4F7556}") = "DegerVeReferansTipler", "DegerVeReferansTipler\DegerVeReferansTipler.csproj", "{DB304E5B-242E-48F5-8F88-7C32D455B731}"
EndProject
Project("{FAE04EC0-301F-11D3-BF4B-00C04F79EFBC}") = "OOP1", "OOP1\OOP1.csproj", "{377A284D-15DB-4FC2-A5F8-51B0DCC64FAE}"
EndProject
Global
	GlobalSection(SolutionConfigurationPlatforms) = preSolution
		Debug|Any CPU = Debug|Any CPU
		Release|Any CPU = Release|Any CPU
	EndGlobalSection
	GlobalSection(ProjectConfigurationPlatforms) = postSolution
		{C82569DB-52AE-4EBD-ADA9-3AF6C637E79A}.Debug|Any CPU.ActiveCfg = Debug|Any CPU
		{C82569DB-52AE-4EBD-ADA9-3AF6C637E79A}.Debug|Any CPU.Build.0 = Debug|Any CPU
		{C82569DB-52AE-4EBD-ADA9-3AF6C637E79A}.Release|Any CPU.ActiveCfg = Release|Any CPU
		{C82569DB-52AE-4EBD-ADA9-3AF6C637E79A}.Release|Any CPU.Build.0 = Release|Any CPU
		{1D1847A2-3F21-4512-BD4D-80B50940109E}.Debug|Any CPU.ActiveCfg = Debug|Any CPU
		{1D1847A2-3F21-4512-BD4D-80B50940109E}.Debug|Any CPU.Build.0 = Debug|Any CPU
		{1D1847A2-3F21-4512-BD4D-80B50940109E}.Release|Any CPU.ActiveCfg = Release|Any CPU
		{1D1847A2-3F21-4512-BD4D-80B50940109E}.Release|Any CPU.Build.0 = Release|Any CPU
		{DB304E5B-242E-48F5-8F88-7C32D455B731}.Debug|Any CPU.ActiveCfg = Debug|Any CPU
		{DB304E5B-242E-48F5-8F88-7C32D455B731}.Debug|Any CPU.Build.0 = Debug|Any CPU
		{DB304E5B-242E-48F5-8F88-7C32D455B731}.Release|Any CPU.ActiveCfg = Release|Any CPU
		{DB304E5B-242E-48F5-8F88-7C32D455B731}.Release|Any CPU.Build.0 = Release|Any CPU
		{377A284D-15DB-4FC2-A5F8-51B0DCC64FAE}.Debug|Any CPU.ActiveCfg = Debug|Any CPU
		{377A284D-15DB-4FC2-A5F8-51B0DCC64FAE}.Debug|Any CPU.Build.0 = Debug|Any CPU
		{377A284D-15DB-4FC2-A5F8-51B0DCC64FAE}.Release|Any CPU.ActiveCfg = Release|Any CPU
		{377A284D-15DB-4FC2-A5F8-51B0DCC64FAE}.Release|Any CPU.Build.0 = Release|Any CPU
	EndGlobalSection
	GlobalSection(SolutionProperties) = preSolution
		HideSolutionNode = FALSE
	EndGlobalSection
	GlobalSection(ExtensibilityGlobals) = postSolution
		SolutionGuid = {FDEF7A34-0E82-41E5-8F45-4E1ECD463646}
	EndGlobalSection
EndGlobal
